
Microsoft Visual Studio Solution File, Format Version 12.00
# Visual Studio Version 17
VisualStudioVersion = 17.10.35004.147
MinimumVisualStudioVersion = 10.0.40219.1
Project("{FAE04EC0-301F-11D3-BF4B-00C04F79EFBC}") = "cca2ado", "cca2ado\cca2ado.csproj", "{CDC1F238-76F4-4A51-AD66-FD066097176C}"
EndProject
Global
	GlobalSection(SolutionConfigurationPlatforms) = preSolution
		Debug|Any CPU = Debug|Any CPU
		Release|Any CPU = Release|Any CPU
	EndGlobalSection
	GlobalSection(ProjectConfigurationPlatforms) = postSolution
		{CDC1F238-76F4-4A51-AD66-FD066097176C}.Debug|Any CPU.ActiveCfg = Debug|Any CPU
		{CDC1F238-76F4-4A51-AD66-FD066097176C}.Debug|Any CPU.Build.0 = Debug|Any CPU
		{CDC1F238-76F4-4A51-AD66-FD066097176C}.Release|Any CPU.ActiveCfg = Release|Any CPU
		{CDC1F238-76F4-4A51-AD66-FD066097176C}.Release|Any CPU.Build.0 = Release|Any CPU
	EndGlobalSection
	GlobalSection(SolutionProperties) = preSolution
		HideSolutionNode = FALSE
	EndGlobalSection
	GlobalSection(ExtensibilityGlobals) = postSolution
		SolutionGuid = {36589472-796F-4B0A-A1CC-87861BD14A73}
	EndGlobalSection
EndGlobal
